
Microsoft Visual Studio Solution File, Format Version 12.00
# Visual Studio Version 17
VisualStudioVersion = 17.6.33829.357
MinimumVisualStudioVersion = 10.0.40219.1
Project("{FAE04EC0-301F-11D3-BF4B-00C04F79EFBC}") = "demoapp1", "demoapp1\demoapp1.csproj", "{9E7261DC-025A-46D3-AC48-98CE16F2DBB9}"
EndProject
Global
	GlobalSection(SolutionConfigurationPlatforms) = preSolution
		Debug|Any CPU = Debug|Any CPU
		Release|Any CPU = Release|Any CPU
	EndGlobalSection
	GlobalSection(ProjectConfigurationPlatforms) = postSolution
		{9E7261DC-025A-46D3-AC48-98CE16F2DBB9}.Debug|Any CPU.ActiveCfg = Debug|Any CPU
		{9E7261DC-025A-46D3-AC48-98CE16F2DBB9}.Debug|Any CPU.Build.0 = Debug|Any CPU
		{9E7261DC-025A-46D3-AC48-98CE16F2DBB9}.Release|Any CPU.ActiveCfg = Release|Any CPU
		{9E7261DC-025A-46D3-AC48-98CE16F2DBB9}.Release|Any CPU.Build.0 = Release|Any CPU
	EndGlobalSection
	GlobalSection(SolutionProperties) = preSolution
		HideSolutionNode = FALSE
	EndGlobalSection
	GlobalSection(ExtensibilityGlobals) = postSolution
		SolutionGuid = {82EE5CE5-F9B2-4894-8F98-070566E2D968}
	EndGlobalSection
EndGlobal
